
Microsoft Visual Studio Solution File, Format Version 12.00
# Visual Studio Version 16
VisualStudioVersion = 16.0.29020.237
MinimumVisualStudioVersion = 10.0.40219.1
Project("{FAE04EC0-301F-11D3-BF4B-00C04F79EFBC}") = "ContactManager9211692", "ContactManager9211692\ContactManager9211692.csproj", "{FF2F73D2-18B0-4E48-87FD-ED541919273E}"
EndProject
Global
	GlobalSection(SolutionConfigurationPlatforms) = preSolution
		Debug|Any CPU = Debug|Any CPU
		Release|Any CPU = Release|Any CPU
	EndGlobalSection
	GlobalSection(ProjectConfigurationPlatforms) = postSolution
		{FF2F73D2-18B0-4E48-87FD-ED541919273E}.Debug|Any CPU.ActiveCfg = Debug|Any CPU
		{FF2F73D2-18B0-4E48-87FD-ED541919273E}.Debug|Any CPU.Build.0 = Debug|Any CPU
		{FF2F73D2-18B0-4E48-87FD-ED541919273E}.Release|Any CPU.ActiveCfg = Release|Any CPU
		{FF2F73D2-18B0-4E48-87FD-ED541919273E}.Release|Any CPU.Build.0 = Release|Any CPU
	EndGlobalSection
	GlobalSection(SolutionProperties) = preSolution
		HideSolutionNode = FALSE
	EndGlobalSection
	GlobalSection(ExtensibilityGlobals) = postSolution
		SolutionGuid = {89E7975A-E577-45F7-BC5E-9EFF02D3782D}
	EndGlobalSection
EndGlobal
